// !$*UTF8*$!
{
	archiveVersion = 1;
	classes = {
	};
	objectVersion = 48;
	objects = {

/* Begin PBXBuildFile section */
		C706C3EA1FC82C7000AFBA68 /* SinglePlayerViewController.swift in Sources */ = {isa = PBXBuildFile; fileRef = C706C3E91FC82C7000AFBA68 /* SinglePlayerViewController.swift */; };
		C71439C11FBD45CB00EC6BB2 /* ManyPlayersViewController.swift in Sources */ = {isa = PBXBuildFile; fileRef = C71439C01FBD45CB00EC6BB2 /* ManyPlayersViewController.swift */; };
		C71439C31FBD50A300EC6BB2 /* Functions.swift in Sources */ = {isa = PBXBuildFile; fileRef = C71439C21FBD50A300EC6BB2 /* Functions.swift */; };
		C71D818D1FC68A1E00F57C72 /* bubblegum in Resources */ = {isa = PBXBuildFile; fileRef = C71D818C1FC68A1D00F57C72 /* bubblegum */; };
		C71D818F1FC68A7D00F57C72 /* Bubblegum.ttf in Resources */ = {isa = PBXBuildFile; fileRef = C71D818E1FC68A7D00F57C72 /* Bubblegum.ttf */; };
		C725680A1FC28CCE00B3724D /* CreatePlayerViewController.swift in Sources */ = {isa = PBXBuildFile; fileRef = C72568091FC28CCE00B3724D /* CreatePlayerViewController.swift */; };
		C725680C1FC29E6700B3724D /* Player.swift in Sources */ = {isa = PBXBuildFile; fileRef = C725680B1FC29E6700B3724D /* Player.swift */; };
		C725680E1FC2A01000B3724D /* CreatePlayer2ViewController.swift in Sources */ = {isa = PBXBuildFile; fileRef = C725680D1FC2A01000B3724D /* CreatePlayer2ViewController.swift */; };
		C745C0911FAC815400EA7DA2 /* AppDelegate.swift in Sources */ = {isa = PBXBuildFile; fileRef = C745C0901FAC815400EA7DA2 /* AppDelegate.swift */; };
		C745C0931FAC815400EA7DA2 /* ViewController.swift in Sources */ = {isa = PBXBuildFile; fileRef = C745C0921FAC815400EA7DA2 /* ViewController.swift */; };
		C745C0961FAC815400EA7DA2 /* Main.storyboard in Resources */ = {isa = PBXBuildFile; fileRef = C745C0941FAC815400EA7DA2 /* Main.storyboard */; };
		C745C0981FAC815400EA7DA2 /* Assets.xcassets in Resources */ = {isa = PBXBuildFile; fileRef = C745C0971FAC815400EA7DA2 /* Assets.xcassets */; };
		C745C09B1FAC815400EA7DA2 /* LaunchScreen.storyboard in Resources */ = {isa = PBXBuildFile; fileRef = C745C0991FAC815400EA7DA2 /* LaunchScreen.storyboard */; };
		C76CB9771FB01EEC0008F937 /* Card.swift in Sources */ = {isa = PBXBuildFile; fileRef = C76CB9761FB01EEC0008F937 /* Card.swift */; };
		C7AD4A831FC3CD0A0064FD68 /* GameOverManyPlayersViewController.swift in Sources */ = {isa = PBXBuildFile; fileRef = C7AD4A821FC3CD0A0064FD68 /* GameOverManyPlayersViewController.swift */; };
		C7D739EE1FB49DD60050A6F0 /* GameOverViewController.swift in Sources */ = {isa = PBXBuildFile; fileRef = C7D739ED1FB49DD60050A6F0 /* GameOverViewController.swift */; };
/* End PBXBuildFile section */

/* Begin PBXFileReference section */
		C706C3E91FC82C7000AFBA68 /* SinglePlayerViewController.swift */ = {isa = PBXFileReference; lastKnownFileType = sourcecode.swift; path = SinglePlayerViewController.swift; sourceTree = "<group>"; };
		C71439C01FBD45CB00EC6BB2 /* ManyPlayersViewController.swift */ = {isa = PBXFileReference; lastKnownFileType = sourcecode.swift; path = ManyPlayersViewController.swift; sourceTree = "<group>"; };
		C71439C21FBD50A300EC6BB2 /* Functions.swift */ = {isa = PBXFileReference; lastKnownFileType = sourcecode.swift; path = Functions.swift; sourceTree = "<group>"; };
		C71D818C1FC68A1D00F57C72 /* bubblegum */ = {isa = PBXFileReference; lastKnownFileType = folder; path = bubblegum; sourceTree = SOURCE_ROOT; };
		C71D818E1FC68A7D00F57C72 /* Bubblegum.ttf */ = {isa = PBXFileReference; lastKnownFileType = file; name = Bubblegum.ttf; path = bubblegum/Bubblegum.ttf; sourceTree = "<group>"; };
		C72568091FC28CCE00B3724D /* CreatePlayerViewController.swift */ = {isa = PBXFileReference; lastKnownFileType = sourcecode.swift; path = CreatePlayerViewController.swift; sourceTree = "<group>"; };
		C725680B1FC29E6700B3724D /* Player.swift */ = {isa = PBXFileReference; lastKnownFileType = sourcecode.swift; path = Player.swift; sourceTree = "<group>"; };
		C725680D1FC2A01000B3724D /* CreatePlayer2ViewController.swift */ = {isa = PBXFileReference; lastKnownFileType = sourcecode.swift; path = CreatePlayer2ViewController.swift; sourceTree = "<group>"; };
		C745C08D1FAC815400EA7DA2 /* Luck Duel.app */ = {isa = PBXFileReference; explicitFileType = wrapper.application; includeInIndex = 0; path = "Luck Duel.app"; sourceTree = BUILT_PRODUCTS_DIR; };
		C745C0901FAC815400EA7DA2 /* AppDelegate.swift */ = {isa = PBXFileReference; lastKnownFileType = sourcecode.swift; path = AppDelegate.swift; sourceTree = "<group>"; };
		C745C0921FAC815400EA7DA2 /* ViewController.swift */ = {isa = PBXFileReference; lastKnownFileType = sourcecode.swift; path = ViewController.swift; sourceTree = "<group>"; };
		C745C0951FAC815400EA7DA2 /* Base */ = {isa = PBXFileReference; lastKnownFileType = file.storyboard; name = Base; path = Base.lproj/Main.storyboard; sourceTree = "<group>"; };
		C745C0971FAC815400EA7DA2 /* Assets.xcassets */ = {isa = PBXFileReference; lastKnownFileType = folder.assetcatalog; path = Assets.xcassets; sourceTree = "<group>"; };
		C745C09A1FAC815400EA7DA2 /* Base */ = {isa = PBXFileReference; lastKnownFileType = file.storyboard; name = Base; path = Base.lproj/LaunchScreen.storyboard; sourceTree = "<group>"; };
		C745C09C1FAC815400EA7DA2 /* Info.plist */ = {isa = PBXFileReference; lastKnownFileType = text.plist.xml; path = Info.plist; sourceTree = "<group>"; };
		C76CB9761FB01EEC0008F937 /* Card.swift */ = {isa = PBXFileReference; lastKnownFileType = sourcecode.swift; path = Card.swift; sourceTree = "<group>"; };
		C7AD4A821FC3CD0A0064FD68 /* GameOverManyPlayersViewController.swift */ = {isa = PBXFileReference; lastKnownFileType = sourcecode.swift; path = GameOverManyPlayersViewController.swift; sourceTree = "<group>"; };
		C7D739ED1FB49DD60050A6F0 /* GameOverViewController.swift */ = {isa = PBXFileReference; lastKnownFileType = sourcecode.swift; path = GameOverViewController.swift; sourceTree = "<group>"; };
/* End PBXFileReference section */

/* Begin PBXFrameworksBuildPhase section */
		C745C08A1FAC815400EA7DA2 /* Frameworks */ = {
			isa = PBXFrameworksBuildPhase;
			buildActionMask = 2147483647;
			files = (
			);
			runOnlyForDeploymentPostprocessing = 0;
		};
/* End PBXFrameworksBuildPhase section */

/* Begin PBXGroup section */
		C745C0841FAC815400EA7DA2 = {
			isa = PBXGroup;
			children = (
				C71D818E1FC68A7D00F57C72 /* Bubblegum.ttf */,
				C745C08F1FAC815400EA7DA2 /* Luck Duel */,
				C745C08E1FAC815400EA7DA2 /* Products */,
			);
			sourceTree = "<group>";
		};
		C745C08E1FAC815400EA7DA2 /* Products */ = {
			isa = PBXGroup;
			children = (
				C745C08D1FAC815400EA7DA2 /* Luck Duel.app */,
			);
			name = Products;
			sourceTree = "<group>";
		};
		C745C08F1FAC815400EA7DA2 /* Luck Duel */ = {
			isa = PBXGroup;
			children = (
				C71D818C1FC68A1D00F57C72 /* bubblegum */,
				C745C0901FAC815400EA7DA2 /* AppDelegate.swift */,
				C745C0921FAC815400EA7DA2 /* ViewController.swift */,
				C745C0941FAC815400EA7DA2 /* Main.storyboard */,
				C706C3E91FC82C7000AFBA68 /* SinglePlayerViewController.swift */,
				C71439C21FBD50A300EC6BB2 /* Functions.swift */,
				C71439C01FBD45CB00EC6BB2 /* ManyPlayersViewController.swift */,
				C725680B1FC29E6700B3724D /* Player.swift */,
				C7AD4A821FC3CD0A0064FD68 /* GameOverManyPlayersViewController.swift */,
				C725680D1FC2A01000B3724D /* CreatePlayer2ViewController.swift */,
				C7D739ED1FB49DD60050A6F0 /* GameOverViewController.swift */,
				C76CB9761FB01EEC0008F937 /* Card.swift */,
				C745C0971FAC815400EA7DA2 /* Assets.xcassets */,
				C72568091FC28CCE00B3724D /* CreatePlayerViewController.swift */,
				C745C0991FAC815400EA7DA2 /* LaunchScreen.storyboard */,
				C745C09C1FAC815400EA7DA2 /* Info.plist */,
			);
			path = "Luck Duel";
			sourceTree = "<group>";
		};
/* End PBXGroup section */

/* Begin PBXNativeTarget section */
		C745C08C1FAC815400EA7DA2 /* Luck Duel */ = {
			isa = PBXNativeTarget;
			buildConfigurationList = C745C09F1FAC815400EA7DA2 /* Build configuration list for PBXNativeTarget "Luck Duel" */;
			buildPhases = (
				C745C0891FAC815400EA7DA2 /* Sources */,
				C745C08A1FAC815400EA7DA2 /* Frameworks */,
				C745C08B1FAC815400EA7DA2 /* Resources */,
			);
			buildRules = (
			);
			dependencies = (
			);
			name = "Luck Duel";
			productName = "Luck Duel";
			productReference = C745C08D1FAC815400EA7DA2 /* Luck Duel.app */;
			productType = "com.apple.product-type.application";
		};
/* End PBXNativeTarget section */

/* Begin PBXProject section */
		C745C0851FAC815400EA7DA2 /* Project object */ = {
			isa = PBXProject;
			attributes = {
				LastSwiftUpdateCheck = 0900;
				LastUpgradeCheck = 0900;
				ORGANIZATIONNAME = "606-15";
				TargetAttributes = {
					C745C08C1FAC815400EA7DA2 = {
						CreatedOnToolsVersion = 9.0.1;
						ProvisioningStyle = Automatic;
					};
				};
			};
			buildConfigurationList = C745C0881FAC815400EA7DA2 /* Build configuration list for PBXProject "Luck Duel" */;
			compatibilityVersion = "Xcode 8.0";
			developmentRegion = en;
			hasScannedForEncodings = 0;
			knownRegions = (
				en,
				Base,
			);
			mainGroup = C745C0841FAC815400EA7DA2;
			productRefGroup = C745C08E1FAC815400EA7DA2 /* Products */;
			projectDirPath = "";
			projectRoot = "";
			targets = (
				C745C08C1FAC815400EA7DA2 /* Luck Duel */,
			);
		};
/* End PBXProject section */

/* Begin PBXResourcesBuildPhase section */
		C745C08B1FAC815400EA7DA2 /* Resources */ = {
			isa = PBXResourcesBuildPhase;
			buildActionMask = 2147483647;
			files = (
				C745C09B1FAC815400EA7DA2 /* LaunchScreen.storyboard in Resources */,
				C745C0981FAC815400EA7DA2 /* Assets.xcassets in Resources */,
				C71D818D1FC68A1E00F57C72 /* bubblegum in Resources */,
				C745C0961FAC815400EA7DA2 /* Main.storyboard in Resources */,
				C71D818F1FC68A7D00F57C72 /* Bubblegum.ttf in Resources */,
			);
			runOnlyForDeploymentPostprocessing = 0;
		};
/* End PBXResourcesBuildPhase section */

/* Begin PBXSourcesBuildPhase section */
		C745C0891FAC815400EA7DA2 /* Sources */ = {
			isa = PBXSourcesBuildPhase;
			buildActionMask = 2147483647;
			files = (
				C7D739EE1FB49DD60050A6F0 /* GameOverViewController.swift in Sources */,
				C725680A1FC28CCE00B3724D /* CreatePlayerViewController.swift in Sources */,
				C76CB9771FB01EEC0008F937 /* Card.swift in Sources */,
				C71439C11FBD45CB00EC6BB2 /* ManyPlayersViewController.swift in Sources */,
				C725680C1FC29E6700B3724D /* Player.swift in Sources */,
				C706C3EA1FC82C7000AFBA68 /* SinglePlayerViewController.swift in Sources */,
				C7AD4A831FC3CD0A0064FD68 /* GameOverManyPlayersViewController.swift in Sources */,
				C745C0931FAC815400EA7DA2 /* ViewController.swift in Sources */,
				C71439C31FBD50A300EC6BB2 /* Functions.swift in Sources */,
				C725680E1FC2A01000B3724D /* CreatePlayer2ViewController.swift in Sources */,
				C745C0911FAC815400EA7DA2 /* AppDelegate.swift in Sources */,
			);
			runOnlyForDeploymentPostprocessing = 0;
		};
/* End PBXSourcesBuildPhase section */

/* Begin PBXVariantGroup section */
		C745C0941FAC815400EA7DA2 /* Main.storyboard */ = {
			isa = PBXVariantGroup;
			children = (
				C745C0951FAC815400EA7DA2 /* Base */,
			);
			name = Main.storyboard;
			sourceTree = "<group>";
		};
		C745C0991FAC815400EA7DA2 /* LaunchScreen.storyboard */ = {
			isa = PBXVariantGroup;
			children = (
				C745C09A1FAC815400EA7DA2 /* Base */,
			);
			name = LaunchScreen.storyboard;
			sourceTree = "<group>";
		};
/* End PBXVariantGroup section */

/* Begin XCBuildConfiguration section */
		C745C09D1FAC815400EA7DA2 /* Debug */ = {
			isa = XCBuildConfiguration;
			buildSettings = {
				ALWAYS_SEARCH_USER_PATHS = NO;
				CLANG_ANALYZER_NONNULL = YES;
				CLANG_ANALYZER_NUMBER_OBJECT_CONVERSION = YES_AGGRESSIVE;
				CLANG_CXX_LANGUAGE_STANDARD = "gnu++14";
				CLANG_CXX_LIBRARY = "libc++";
				CLANG_ENABLE_MODULES = YES;
				CLANG_ENABLE_OBJC_ARC = YES;
				CLANG_WARN_BLOCK_CAPTURE_AUTORELEASING = YES;
				CLANG_WARN_BOOL_CONVERSION = YES;
				CLANG_WARN_COMMA = YES;
				CLANG_WARN_CONSTANT_CONVERSION = YES;
				CLANG_WARN_DIRECT_OBJC_ISA_USAGE = YES_ERROR;
				CLANG_WARN_DOCUMENTATION_COMMENTS = YES;
				CLANG_WARN_EMPTY_BODY = YES;
				CLANG_WARN_ENUM_CONVERSION = YES;
				CLANG_WARN_INFINITE_RECURSION = YES;
				CLANG_WARN_INT_CONVERSION = YES;
				CLANG_WARN_NON_LITERAL_NULL_CONVERSION = YES;
				CLANG_WARN_OBJC_LITERAL_CONVERSION = YES;
				CLANG_WARN_OBJC_ROOT_CLASS = YES_ERROR;
				CLANG_WARN_RANGE_LOOP_ANALYSIS = YES;
				CLANG_WARN_STRICT_PROTOTYPES = YES;
				CLANG_WARN_SUSPICIOUS_MOVE = YES;
				CLANG_WARN_UNGUARDED_AVAILABILITY = YES_AGGRESSIVE;
				CLANG_WARN_UNREACHABLE_CODE = YES;
				CLANG_WARN__DUPLICATE_METHOD_MATCH = YES;
				CODE_SIGN_IDENTITY = "iPhone Developer";
				COPY_PHASE_STRIP = NO;
				DEBUG_INFORMATION_FORMAT = dwarf;
				ENABLE_STRICT_OBJC_MSGSEND = YES;
				ENABLE_TESTABILITY = YES;
				GCC_C_LANGUAGE_STANDARD = gnu11;
				GCC_DYNAMIC_NO_PIC = NO;
				GCC_NO_COMMON_BLOCKS = YES;
				GCC_OPTIMIZATION_LEVEL = 0;
				GCC_PREPROCESSOR_DEFINITIONS = (
					"DEBUG=1",
					"$(inherited)",
				);
				GCC_WARN_64_TO_32_BIT_CONVERSION = YES;
				GCC_WARN_ABOUT_RETURN_TYPE = YES_ERROR;
				GCC_WARN_UNDECLARED_SELECTOR = YES;
				GCC_WARN_UNINITIALIZED_AUTOS = YES_AGGRESSIVE;
				GCC_WARN_UNUSED_FUNCTION = YES;
				GCC_WARN_UNUSED_VARIABLE = YES;
				IPHONEOS_DEPLOYMENT_TARGET = 11.0;
				MTL_ENABLE_DEBUG_INFO = YES;
				ONLY_ACTIVE_ARCH = YES;
				SDKROOT = iphoneos;
				SWIFT_ACTIVE_COMPILATION_CONDITIONS = DEBUG;
				SWIFT_OPTIMIZATION_LEVEL = "-Onone";
			};
			name = Debug;
		};
		C745C09E1FAC815400EA7DA2 /* Release */ = {
			isa = XCBuildConfiguration;
			buildSettings = {
				ALWAYS_SEARCH_USER_PATHS = NO;
				CLANG_ANALYZER_NONNULL = YES;
				CLANG_ANALYZER_NUMBER_OBJECT_CONVERSION = YES_AGGRESSIVE;
				CLANG_CXX_LANGUAGE_STANDARD = "gnu++14";
				CLANG_CXX_LIBRARY = "libc++";
				CLANG_ENABLE_MODULES = YES;
				CLANG_ENABLE_OBJC_ARC = YES;
				CLANG_WARN_BLOCK_CAPTURE_AUTORELEASING = YES;
				CLANG_WARN_BOOL_CONVERSION = YES;
				CLANG_WARN_COMMA = YES;
				CLANG_WARN_CONSTANT_CONVERSION = YES;
				CLANG_WARN_DIRECT_OBJC_ISA_USAGE = YES_ERROR;
				CLANG_WARN_DOCUMENTATION_COMMENTS = YES;
				CLANG_WARN_EMPTY_BODY = YES;
				CLANG_WARN_ENUM_CONVERSION = YES;
				CLANG_WARN_INFINITE_RECURSION = YES;
				CLANG_WARN_INT_CONVERSION = YES;
				CLANG_WARN_NON_LITERAL_NULL_CONVERSION = YES;
				CLANG_WARN_OBJC_LITERAL_CONVERSION = YES;
				CLANG_WARN_OBJC_ROOT_CLASS = YES_ERROR;
				CLANG_WARN_RANGE_LOOP_ANALYSIS = YES;
				CLANG_WARN_STRICT_PROTOTYPES = YES;
				CLANG_WARN_SUSPICIOUS_MOVE = YES;
				CLANG_WARN_UNGUARDED_AVAILABILITY = YES_AGGRESSIVE;
				CLANG_WARN_UNREACHABLE_CODE = YES;
				CLANG_WARN__DUPLICATE_METHOD_MATCH = YES;
				CODE_SIGN_IDENTITY = "iPhone Developer";
				COPY_PHASE_STRIP = NO;
				DEBUG_INFORMATION_FORMAT = "dwarf-with-dsym";
				ENABLE_NS_ASSERTIONS = NO;
				ENABLE_STRICT_OBJC_MSGSEND = YES;
				GCC_C_LANGUAGE_STANDARD = gnu11;
				GCC_NO_COMMON_BLOCKS = YES;
				GCC_WARN_64_TO_32_BIT_CONVERSION = YES;
				GCC_WARN_ABOUT_RETURN_TYPE = YES_ERROR;
				GCC_WARN_UNDECLARED_SELECTOR = YES;
				GCC_WARN_UNINITIALIZED_AUTOS = YES_AGGRESSIVE;
				GCC_WARN_UNUSED_FUNCTION = YES;
				GCC_WARN_UNUSED_VARIABLE = YES;
				IPHONEOS_DEPLOYMENT_TARGET = 11.0;
				MTL_ENABLE_DEBUG_INFO = NO;
				SDKROOT = iphoneos;
				SWIFT_OPTIMIZATION_LEVEL = "-Owholemodule";
				VALIDATE_PRODUCT = YES;
			};
			name = Release;
		};
		C745C0A01FAC815400EA7DA2 /* Debug */ = {
			isa = XCBuildConfiguration;
			buildSettings = {
				ASSETCATALOG_COMPILER_APPICON_NAME = AppIcon;
				CODE_SIGN_STYLE = Automatic;
				INFOPLIST_FILE = "Luck Duel/Info.plist";
				LD_RUNPATH_SEARCH_PATHS = "$(inherited) @executable_path/Frameworks";
				PRODUCT_BUNDLE_IDENTIFIER = "teste.Luck-Duel";
				PRODUCT_NAME = "$(TARGET_NAME)";
				SWIFT_VERSION = 4.0;
				TARGETED_DEVICE_FAMILY = "1,2";
			};
			name = Debug;
		};
		C745C0A11FAC815400EA7DA2 /* Release */ = {
			isa = XCBuildConfiguration;
			buildSettings = {
				ASSETCATALOG_COMPILER_APPICON_NAME = AppIcon;
				CODE_SIGN_STYLE = Automatic;
				INFOPLIST_FILE = "Luck Duel/Info.plist";
				LD_RUNPATH_SEARCH_PATHS = "$(inherited) @executable_path/Frameworks";
				PRODUCT_BUNDLE_IDENTIFIER = "teste.Luck-Duel";
				PRODUCT_NAME = "$(TARGET_NAME)";
				SWIFT_VERSION = 4.0;
				TARGETED_DEVICE_FAMILY = "1,2";
			};
			name = Release;
		};
/* End XCBuildConfiguration section */

/* Begin XCConfigurationList section */
		C745C0881FAC815400EA7DA2 /* Build configuration list for PBXProject "Luck Duel" */ = {
			isa = XCConfigurationList;
			buildConfigurations = (
				C745C09D1FAC815400EA7DA2 /* Debug */,
				C745C09E1FAC815400EA7DA2 /* Release */,
			);
			defaultConfigurationIsVisible = 0;
			defaultConfigurationName = Release;
		};
		C745C09F1FAC815400EA7DA2 /* Build configuration list for PBXNativeTarget "Luck Duel" */ = {
			isa = XCConfigurationList;
			buildConfigurations = (
				C745C0A01FAC815400EA7DA2 /* Debug */,
				C745C0A11FAC815400EA7DA2 /* Release */,
			);
			defaultConfigurationIsVisible = 0;
			defaultConfigurationName = Release;
		};
/* End XCConfigurationList section */
	};
	rootObject = C745C0851FAC815400EA7DA2 /* Project object */;
}
